
Microsoft Visual Studio Solution File, Format Version 12.00
# Visual Studio Version 17
VisualStudioVersion = 17.4.33213.308
MinimumVisualStudioVersion = 10.0.40219.1
Project("{FAE04EC0-301F-11D3-BF4B-00C04F79EFBC}") = "WebApplicationTraceRegister", "WebApplicationTraceRegister\WebApplicationTraceRegister.csproj", "{5BA4BB92-6F9B-481E-930D-742BC6DB4B4E}"
EndProject
Project("{FAE04EC0-301F-11D3-BF4B-00C04F79EFBC}") = "ClassLibraryDataAccess", "ClassLibraryDataAccess\ClassLibraryDataAccess.csproj", "{66744883-8C8E-44F0-8E37-A759A7EF7DA8}"
EndProject
Project("{FAE04EC0-301F-11D3-BF4B-00C04F79EFBC}") = "ClassLibraryTools", "ClassLibraryTools\ClassLibraryTools.csproj", "{C5930932-CA84-457C-96AD-48490EE736CD}"
EndProject
Global
	GlobalSection(SolutionConfigurationPlatforms) = preSolution
		Debug|Any CPU = Debug|Any CPU
		Release|Any CPU = Release|Any CPU
	EndGlobalSection
	GlobalSection(ProjectConfigurationPlatforms) = postSolution
		{5BA4BB92-6F9B-481E-930D-742BC6DB4B4E}.Debug|Any CPU.ActiveCfg = Debug|Any CPU
		{5BA4BB92-6F9B-481E-930D-742BC6DB4B4E}.Debug|Any CPU.Build.0 = Debug|Any CPU
		{5BA4BB92-6F9B-481E-930D-742BC6DB4B4E}.Release|Any CPU.ActiveCfg = Release|Any CPU
		{5BA4BB92-6F9B-481E-930D-742BC6DB4B4E}.Release|Any CPU.Build.0 = Release|Any CPU
		{66744883-8C8E-44F0-8E37-A759A7EF7DA8}.Debug|Any CPU.ActiveCfg = Debug|Any CPU
		{66744883-8C8E-44F0-8E37-A759A7EF7DA8}.Debug|Any CPU.Build.0 = Debug|Any CPU
		{66744883-8C8E-44F0-8E37-A759A7EF7DA8}.Release|Any CPU.ActiveCfg = Release|Any CPU
		{66744883-8C8E-44F0-8E37-A759A7EF7DA8}.Release|Any CPU.Build.0 = Release|Any CPU
		{C5930932-CA84-457C-96AD-48490EE736CD}.Debug|Any CPU.ActiveCfg = Debug|Any CPU
		{C5930932-CA84-457C-96AD-48490EE736CD}.Debug|Any CPU.Build.0 = Debug|Any CPU
		{C5930932-CA84-457C-96AD-48490EE736CD}.Release|Any CPU.ActiveCfg = Release|Any CPU
		{C5930932-CA84-457C-96AD-48490EE736CD}.Release|Any CPU.Build.0 = Release|Any CPU
	EndGlobalSection
	GlobalSection(SolutionProperties) = preSolution
		HideSolutionNode = FALSE
	EndGlobalSection
	GlobalSection(ExtensibilityGlobals) = postSolution
		SolutionGuid = {5A8533D5-39A3-44CE-BEB2-C03B7F98AAA6}
	EndGlobalSection
EndGlobal
